
Microsoft Visual Studio Solution File, Format Version 12.00
# Visual Studio Version 17
VisualStudioVersion = 17.1.32421.90
MinimumVisualStudioVersion = 10.0.40219.1
Project("{9A19103F-16F7-4668-BE54-9A1E7A4F7556}") = "ProjectTracker.Ui.Api", "ProjectTracker.Ui.Api\ProjectTracker.Ui.Api.csproj", "{9F861090-7DD6-412F-B1AD-6D584F9708F5}"
EndProject
Project("{9A19103F-16F7-4668-BE54-9A1E7A4F7556}") = "ProjectTracker.Core", "ProjectTracker.Core\ProjectTracker.Core.csproj", "{CBB76D65-8EBD-4210-B297-CC84A8F254D9}"
EndProject
Project("{9A19103F-16F7-4668-BE54-9A1E7A4F7556}") = "ProjectTracker.Infrastructure", "ProjectTracker.Infrastructure\ProjectTracker.Infrastructure.csproj", "{59652100-320E-4CFF-B666-416605F60188}"
EndProject
Project("{2150E333-8FDC-42A3-9474-1A3956D46DE8}") = "Solution Items", "Solution Items", "{DF767B80-358F-46BC-9B78-8BE12A59C4D9}"
	ProjectSection(SolutionItems) = preProject
		README.md = README.md
	EndProjectSection
EndProject
Project("{9A19103F-16F7-4668-BE54-9A1E7A4F7556}") = "Test.Unit", "Test.Unit\Test.Unit.csproj", "{85D0C846-3418-465E-A1E4-1AC4E57D0805}"
EndProject
Global
	GlobalSection(SolutionConfigurationPlatforms) = preSolution
		Debug|Any CPU = Debug|Any CPU
		Release|Any CPU = Release|Any CPU
	EndGlobalSection
	GlobalSection(ProjectConfigurationPlatforms) = postSolution
		{9F861090-7DD6-412F-B1AD-6D584F9708F5}.Debug|Any CPU.ActiveCfg = Debug|Any CPU
		{9F861090-7DD6-412F-B1AD-6D584F9708F5}.Debug|Any CPU.Build.0 = Debug|Any CPU
		{9F861090-7DD6-412F-B1AD-6D584F9708F5}.Release|Any CPU.ActiveCfg = Release|Any CPU
		{9F861090-7DD6-412F-B1AD-6D584F9708F5}.Release|Any CPU.Build.0 = Release|Any CPU
		{CBB76D65-8EBD-4210-B297-CC84A8F254D9}.Debug|Any CPU.ActiveCfg = Debug|Any CPU
		{CBB76D65-8EBD-4210-B297-CC84A8F254D9}.Debug|Any CPU.Build.0 = Debug|Any CPU
		{CBB76D65-8EBD-4210-B297-CC84A8F254D9}.Release|Any CPU.ActiveCfg = Release|Any CPU
		{CBB76D65-8EBD-4210-B297-CC84A8F254D9}.Release|Any CPU.Build.0 = Release|Any CPU
		{59652100-320E-4CFF-B666-416605F60188}.Debug|Any CPU.ActiveCfg = Debug|Any CPU
		{59652100-320E-4CFF-B666-416605F60188}.Debug|Any CPU.Build.0 = Debug|Any CPU
		{59652100-320E-4CFF-B666-416605F60188}.Release|Any CPU.ActiveCfg = Release|Any CPU
		{59652100-320E-4CFF-B666-416605F60188}.Release|Any CPU.Build.0 = Release|Any CPU
		{85D0C846-3418-465E-A1E4-1AC4E57D0805}.Debug|Any CPU.ActiveCfg = Debug|Any CPU
		{85D0C846-3418-465E-A1E4-1AC4E57D0805}.Debug|Any CPU.Build.0 = Debug|Any CPU
		{85D0C846-3418-465E-A1E4-1AC4E57D0805}.Release|Any CPU.ActiveCfg = Release|Any CPU
		{85D0C846-3418-465E-A1E4-1AC4E57D0805}.Release|Any CPU.Build.0 = Release|Any CPU
	EndGlobalSection
	GlobalSection(SolutionProperties) = preSolution
		HideSolutionNode = FALSE
	EndGlobalSection
	GlobalSection(ExtensibilityGlobals) = postSolution
		SolutionGuid = {250643EF-CDE6-4E63-B45C-37DD8E9E6728}
	EndGlobalSection
EndGlobal
